
Microsoft Visual Studio Solution File, Format Version 12.00
# Visual Studio Version 16
VisualStudioVersion = 16.0.30114.105
MinimumVisualStudioVersion = 10.0.40219.1
Project("{2150E333-8FDC-42A3-9474-1A3956D46DE8}") = "src", "src", "{F34DA52C-9A89-4F9F-86C4-0393C65BD910}"
EndProject
Project("{2150E333-8FDC-42A3-9474-1A3956D46DE8}") = "Blueprints", "Blueprints", "{961686DD-3727-4610-9C82-BAA4C66E72F7}"
EndProject
Project("{FAE04EC0-301F-11D3-BF4B-00C04F79EFBC}") = "Domain", "src\Blueprints\Domain\Domain.csproj", "{CDB9D976-8804-4001-BF42-B30AA831D6B8}"
EndProject
Project("{2150E333-8FDC-42A3-9474-1A3956D46DE8}") = "Modules", "Modules", "{A4839F46-FDE2-4147-B6AF-1E1B0412155E}"
EndProject
Project("{2150E333-8FDC-42A3-9474-1A3956D46DE8}") = "Users", "Users", "{D75BF705-ED9E-4774-B10F-7B09B9F128F6}"
EndProject
Project("{FAE04EC0-301F-11D3-BF4B-00C04F79EFBC}") = "UsersApplication", "src\Modules\Users\Application\Users.Application.csproj", "{21034611-77B3-42CA-88C2-BA5AA97A7A28}"
EndProject
Project("{FAE04EC0-301F-11D3-BF4B-00C04F79EFBC}") = "UsersDomain", "src\Modules\Users\Domain\Users.Domain.csproj", "{9FD53182-3F26-47F0-A8EB-5AE4717FF016}"
EndProject
Project("{FAE04EC0-301F-11D3-BF4B-00C04F79EFBC}") = "Application", "src\Blueprints\Application\Application.csproj", "{CDDECADB-05E4-4EC7-A853-381EED2A9F33}"
EndProject
Project("{FAE04EC0-301F-11D3-BF4B-00C04F79EFBC}") = "UsersInfrastructure", "src\Modules\Users\Infrastructure\Users.Infrastructure.csproj", "{1241DC2C-834D-44CE-A7DF-37CAE3B1F18C}"
EndProject
Project("{FAE04EC0-301F-11D3-BF4B-00C04F79EFBC}") = "Infrastructure", "src\Blueprints\Infrastructure\Infrastructure.csproj", "{5BC5719A-C21A-4F0C-A9CB-55B44BE19592}"
EndProject
Project("{FAE04EC0-301F-11D3-BF4B-00C04F79EFBC}") = "Api", "src\Api\Api.csproj", "{04D414E3-D7A2-4EBA-BCF6-7602D6F69A66}"
EndProject
Project("{2150E333-8FDC-42A3-9474-1A3956D46DE8}") = "Cards", "Cards", "{77DCB812-C8FC-4C64-8917-A0FBF17A1E90}"
EndProject
Project("{FAE04EC0-301F-11D3-BF4B-00C04F79EFBC}") = "Cards.Domain", "src\Modules\Cards\Domain\Cards.Domain.csproj", "{F787FD6E-BB1A-46A5-A2AA-D8B4D915BC6A}"
EndProject
Project("{FAE04EC0-301F-11D3-BF4B-00C04F79EFBC}") = "Cards.Application", "src\Modules\Cards\Application\Cards.Application.csproj", "{2DC16F5E-17B9-480D-A9E6-0EEF518E308D}"
EndProject
Project("{FAE04EC0-301F-11D3-BF4B-00C04F79EFBC}") = "Cards.Infrastructure", "src\Modules\Cards\Infrastructure\Cards.Infrastructure.csproj", "{A5EB311E-2AD0-4537-9692-41500316218C}"
EndProject
Project("{2150E333-8FDC-42A3-9474-1A3956D46DE8}") = "Lessons", "Lessons", "{E1F605A4-9864-4DFE-8FB7-07D35D3FDF51}"
EndProject
Project("{FAE04EC0-301F-11D3-BF4B-00C04F79EFBC}") = "Lessons.Domain", "src\Modules\Lessons\Domain\Lessons.Domain.csproj", "{AF30A75A-18B4-44AE-9DE9-37D940B163DA}"
EndProject
Project("{FAE04EC0-301F-11D3-BF4B-00C04F79EFBC}") = "Lessons.Application", "src\Modules\Lessons\Application\Lessons.Application.csproj", "{A617D122-7C82-4250-B5B8-A540B5E5A62D}"
EndProject
Project("{FAE04EC0-301F-11D3-BF4B-00C04F79EFBC}") = "Lessons.Infrastructure", "src\Modules\Lessons\Infrastructure\Lessons.Infrastructure.csproj", "{CA4FAF9F-E762-4AA8-B833-AB6DC4DE3D2B}"
EndProject
Project("{2150E333-8FDC-42A3-9474-1A3956D46DE8}") = "tests", "tests", "{9B1AAF8D-7597-4186-BF92-2C3BF9E7F242}"
EndProject
Project("{FAE04EC0-301F-11D3-BF4B-00C04F79EFBC}") = "E2e", "tests\E2e\E2e.csproj", "{DA4DE4BB-3D16-4988-AA07-59E2B67A5654}"
EndProject
Project("{FAE04EC0-301F-11D3-BF4B-00C04F79EFBC}") = "Cards.Domain.Tests", "tests\Cards.Domain.Tests\Cards.Domain.Tests.csproj", "{75C72258-070F-493F-97DB-C5424CB74D77}"
EndProject
Global
	GlobalSection(SolutionConfigurationPlatforms) = preSolution
		Debug|Any CPU = Debug|Any CPU
		Debug|x64 = Debug|x64
		Debug|x86 = Debug|x86
		Release|Any CPU = Release|Any CPU
		Release|x64 = Release|x64
		Release|x86 = Release|x86
	EndGlobalSection
	GlobalSection(SolutionProperties) = preSolution
		HideSolutionNode = FALSE
	EndGlobalSection
	GlobalSection(ProjectConfigurationPlatforms) = postSolution
		{CDB9D976-8804-4001-BF42-B30AA831D6B8}.Debug|Any CPU.ActiveCfg = Debug|Any CPU
		{CDB9D976-8804-4001-BF42-B30AA831D6B8}.Debug|Any CPU.Build.0 = Debug|Any CPU
		{CDB9D976-8804-4001-BF42-B30AA831D6B8}.Debug|x64.ActiveCfg = Debug|Any CPU
		{CDB9D976-8804-4001-BF42-B30AA831D6B8}.Debug|x64.Build.0 = Debug|Any CPU
		{CDB9D976-8804-4001-BF42-B30AA831D6B8}.Debug|x86.ActiveCfg = Debug|Any CPU
		{CDB9D976-8804-4001-BF42-B30AA831D6B8}.Debug|x86.Build.0 = Debug|Any CPU
		{CDB9D976-8804-4001-BF42-B30AA831D6B8}.Release|Any CPU.ActiveCfg = Release|Any CPU
		{CDB9D976-8804-4001-BF42-B30AA831D6B8}.Release|Any CPU.Build.0 = Release|Any CPU
		{CDB9D976-8804-4001-BF42-B30AA831D6B8}.Release|x64.ActiveCfg = Release|Any CPU
		{CDB9D976-8804-4001-BF42-B30AA831D6B8}.Release|x64.Build.0 = Release|Any CPU
		{CDB9D976-8804-4001-BF42-B30AA831D6B8}.Release|x86.ActiveCfg = Release|Any CPU
		{CDB9D976-8804-4001-BF42-B30AA831D6B8}.Release|x86.Build.0 = Release|Any CPU
		{21034611-77B3-42CA-88C2-BA5AA97A7A28}.Debug|Any CPU.ActiveCfg = Debug|Any CPU
		{21034611-77B3-42CA-88C2-BA5AA97A7A28}.Debug|Any CPU.Build.0 = Debug|Any CPU
		{21034611-77B3-42CA-88C2-BA5AA97A7A28}.Debug|x64.ActiveCfg = Debug|Any CPU
		{21034611-77B3-42CA-88C2-BA5AA97A7A28}.Debug|x64.Build.0 = Debug|Any CPU
		{21034611-77B3-42CA-88C2-BA5AA97A7A28}.Debug|x86.ActiveCfg = Debug|Any CPU
		{21034611-77B3-42CA-88C2-BA5AA97A7A28}.Debug|x86.Build.0 = Debug|Any CPU
		{21034611-77B3-42CA-88C2-BA5AA97A7A28}.Release|Any CPU.ActiveCfg = Release|Any CPU
		{21034611-77B3-42CA-88C2-BA5AA97A7A28}.Release|Any CPU.Build.0 = Release|Any CPU
		{21034611-77B3-42CA-88C2-BA5AA97A7A28}.Release|x64.ActiveCfg = Release|Any CPU
		{21034611-77B3-42CA-88C2-BA5AA97A7A28}.Release|x64.Build.0 = Release|Any CPU
		{21034611-77B3-42CA-88C2-BA5AA97A7A28}.Release|x86.ActiveCfg = Release|Any CPU
		{21034611-77B3-42CA-88C2-BA5AA97A7A28}.Release|x86.Build.0 = Release|Any CPU
		{9FD53182-3F26-47F0-A8EB-5AE4717FF016}.Debug|Any CPU.ActiveCfg = Debug|Any CPU
		{9FD53182-3F26-47F0-A8EB-5AE4717FF016}.Debug|Any CPU.Build.0 = Debug|Any CPU
		{9FD53182-3F26-47F0-A8EB-5AE4717FF016}.Debug|x64.ActiveCfg = Debug|Any CPU
		{9FD53182-3F26-47F0-A8EB-5AE4717FF016}.Debug|x64.Build.0 = Debug|Any CPU
		{9FD53182-3F26-47F0-A8EB-5AE4717FF016}.Debug|x86.ActiveCfg = Debug|Any CPU
		{9FD53182-3F26-47F0-A8EB-5AE4717FF016}.Debug|x86.Build.0 = Debug|Any CPU
		{9FD53182-3F26-47F0-A8EB-5AE4717FF016}.Release|Any CPU.ActiveCfg = Release|Any CPU
		{9FD53182-3F26-47F0-A8EB-5AE4717FF016}.Release|Any CPU.Build.0 = Release|Any CPU
		{9FD53182-3F26-47F0-A8EB-5AE4717FF016}.Release|x64.ActiveCfg = Release|Any CPU
		{9FD53182-3F26-47F0-A8EB-5AE4717FF016}.Release|x64.Build.0 = Release|Any CPU
		{9FD53182-3F26-47F0-A8EB-5AE4717FF016}.Release|x86.ActiveCfg = Release|Any CPU
		{9FD53182-3F26-47F0-A8EB-5AE4717FF016}.Release|x86.Build.0 = Release|Any CPU
		{CDDECADB-05E4-4EC7-A853-381EED2A9F33}.Debug|Any CPU.ActiveCfg = Debug|Any CPU
		{CDDECADB-05E4-4EC7-A853-381EED2A9F33}.Debug|Any CPU.Build.0 = Debug|Any CPU
		{CDDECADB-05E4-4EC7-A853-381EED2A9F33}.Debug|x64.ActiveCfg = Debug|Any CPU
		{CDDECADB-05E4-4EC7-A853-381EED2A9F33}.Debug|x64.Build.0 = Debug|Any CPU
		{CDDECADB-05E4-4EC7-A853-381EED2A9F33}.Debug|x86.ActiveCfg = Debug|Any CPU
		{CDDECADB-05E4-4EC7-A853-381EED2A9F33}.Debug|x86.Build.0 = Debug|Any CPU
		{CDDECADB-05E4-4EC7-A853-381EED2A9F33}.Release|Any CPU.ActiveCfg = Release|Any CPU
		{CDDECADB-05E4-4EC7-A853-381EED2A9F33}.Release|Any CPU.Build.0 = Release|Any CPU
		{CDDECADB-05E4-4EC7-A853-381EED2A9F33}.Release|x64.ActiveCfg = Release|Any CPU
		{CDDECADB-05E4-4EC7-A853-381EED2A9F33}.Release|x64.Build.0 = Release|Any CPU
		{CDDECADB-05E4-4EC7-A853-381EED2A9F33}.Release|x86.ActiveCfg = Release|Any CPU
		{CDDECADB-05E4-4EC7-A853-381EED2A9F33}.Release|x86.Build.0 = Release|Any CPU
		{1241DC2C-834D-44CE-A7DF-37CAE3B1F18C}.Debug|Any CPU.ActiveCfg = Debug|Any CPU
		{1241DC2C-834D-44CE-A7DF-37CAE3B1F18C}.Debug|Any CPU.Build.0 = Debug|Any CPU
		{1241DC2C-834D-44CE-A7DF-37CAE3B1F18C}.Debug|x64.ActiveCfg = Debug|Any CPU
		{1241DC2C-834D-44CE-A7DF-37CAE3B1F18C}.Debug|x64.Build.0 = Debug|Any CPU
		{1241DC2C-834D-44CE-A7DF-37CAE3B1F18C}.Debug|x86.ActiveCfg = Debug|Any CPU
		{1241DC2C-834D-44CE-A7DF-37CAE3B1F18C}.Debug|x86.Build.0 = Debug|Any CPU
		{1241DC2C-834D-44CE-A7DF-37CAE3B1F18C}.Release|Any CPU.ActiveCfg = Release|Any CPU
		{1241DC2C-834D-44CE-A7DF-37CAE3B1F18C}.Release|Any CPU.Build.0 = Release|Any CPU
		{1241DC2C-834D-44CE-A7DF-37CAE3B1F18C}.Release|x64.ActiveCfg = Release|Any CPU
		{1241DC2C-834D-44CE-A7DF-37CAE3B1F18C}.Release|x64.Build.0 = Release|Any CPU
		{1241DC2C-834D-44CE-A7DF-37CAE3B1F18C}.Release|x86.ActiveCfg = Release|Any CPU
		{1241DC2C-834D-44CE-A7DF-37CAE3B1F18C}.Release|x86.Build.0 = Release|Any CPU
		{5BC5719A-C21A-4F0C-A9CB-55B44BE19592}.Debug|Any CPU.ActiveCfg = Debug|Any CPU
		{5BC5719A-C21A-4F0C-A9CB-55B44BE19592}.Debug|Any CPU.Build.0 = Debug|Any CPU
		{5BC5719A-C21A-4F0C-A9CB-55B44BE19592}.Debug|x64.ActiveCfg = Debug|Any CPU
		{5BC5719A-C21A-4F0C-A9CB-55B44BE19592}.Debug|x64.Build.0 = Debug|Any CPU
		{5BC5719A-C21A-4F0C-A9CB-55B44BE19592}.Debug|x86.ActiveCfg = Debug|Any CPU
		{5BC5719A-C21A-4F0C-A9CB-55B44BE19592}.Debug|x86.Build.0 = Debug|Any CPU
		{5BC5719A-C21A-4F0C-A9CB-55B44BE19592}.Release|Any CPU.ActiveCfg = Release|Any CPU
		{5BC5719A-C21A-4F0C-A9CB-55B44BE19592}.Release|Any CPU.Build.0 = Release|Any CPU
		{5BC5719A-C21A-4F0C-A9CB-55B44BE19592}.Release|x64.ActiveCfg = Release|Any CPU
		{5BC5719A-C21A-4F0C-A9CB-55B44BE19592}.Release|x64.Build.0 = Release|Any CPU
		{5BC5719A-C21A-4F0C-A9CB-55B44BE19592}.Release|x86.ActiveCfg = Release|Any CPU
		{5BC5719A-C21A-4F0C-A9CB-55B44BE19592}.Release|x86.Build.0 = Release|Any CPU
		{04D414E3-D7A2-4EBA-BCF6-7602D6F69A66}.Debug|Any CPU.ActiveCfg = Debug|Any CPU
		{04D414E3-D7A2-4EBA-BCF6-7602D6F69A66}.Debug|Any CPU.Build.0 = Debug|Any CPU
		{04D414E3-D7A2-4EBA-BCF6-7602D6F69A66}.Debug|x64.ActiveCfg = Debug|Any CPU
		{04D414E3-D7A2-4EBA-BCF6-7602D6F69A66}.Debug|x64.Build.0 = Debug|Any CPU
		{04D414E3-D7A2-4EBA-BCF6-7602D6F69A66}.Debug|x86.ActiveCfg = Debug|Any CPU
		{04D414E3-D7A2-4EBA-BCF6-7602D6F69A66}.Debug|x86.Build.0 = Debug|Any CPU
		{04D414E3-D7A2-4EBA-BCF6-7602D6F69A66}.Release|Any CPU.ActiveCfg = Release|Any CPU
		{04D414E3-D7A2-4EBA-BCF6-7602D6F69A66}.Release|Any CPU.Build.0 = Release|Any CPU
		{04D414E3-D7A2-4EBA-BCF6-7602D6F69A66}.Release|x64.ActiveCfg = Release|Any CPU
		{04D414E3-D7A2-4EBA-BCF6-7602D6F69A66}.Release|x64.Build.0 = Release|Any CPU
		{04D414E3-D7A2-4EBA-BCF6-7602D6F69A66}.Release|x86.ActiveCfg = Release|Any CPU
		{04D414E3-D7A2-4EBA-BCF6-7602D6F69A66}.Release|x86.Build.0 = Release|Any CPU
		{F787FD6E-BB1A-46A5-A2AA-D8B4D915BC6A}.Debug|Any CPU.ActiveCfg = Debug|Any CPU
		{F787FD6E-BB1A-46A5-A2AA-D8B4D915BC6A}.Debug|Any CPU.Build.0 = Debug|Any CPU
		{F787FD6E-BB1A-46A5-A2AA-D8B4D915BC6A}.Debug|x64.ActiveCfg = Debug|Any CPU
		{F787FD6E-BB1A-46A5-A2AA-D8B4D915BC6A}.Debug|x64.Build.0 = Debug|Any CPU
		{F787FD6E-BB1A-46A5-A2AA-D8B4D915BC6A}.Debug|x86.ActiveCfg = Debug|Any CPU
		{F787FD6E-BB1A-46A5-A2AA-D8B4D915BC6A}.Debug|x86.Build.0 = Debug|Any CPU
		{F787FD6E-BB1A-46A5-A2AA-D8B4D915BC6A}.Release|Any CPU.ActiveCfg = Release|Any CPU
		{F787FD6E-BB1A-46A5-A2AA-D8B4D915BC6A}.Release|Any CPU.Build.0 = Release|Any CPU
		{F787FD6E-BB1A-46A5-A2AA-D8B4D915BC6A}.Release|x64.ActiveCfg = Release|Any CPU
		{F787FD6E-BB1A-46A5-A2AA-D8B4D915BC6A}.Release|x64.Build.0 = Release|Any CPU
		{F787FD6E-BB1A-46A5-A2AA-D8B4D915BC6A}.Release|x86.ActiveCfg = Release|Any CPU
		{F787FD6E-BB1A-46A5-A2AA-D8B4D915BC6A}.Release|x86.Build.0 = Release|Any CPU
		{2DC16F5E-17B9-480D-A9E6-0EEF518E308D}.Debug|Any CPU.ActiveCfg = Debug|Any CPU
		{2DC16F5E-17B9-480D-A9E6-0EEF518E308D}.Debug|Any CPU.Build.0 = Debug|Any CPU
		{2DC16F5E-17B9-480D-A9E6-0EEF518E308D}.Debug|x64.ActiveCfg = Debug|Any CPU
		{2DC16F5E-17B9-480D-A9E6-0EEF518E308D}.Debug|x64.Build.0 = Debug|Any CPU
		{2DC16F5E-17B9-480D-A9E6-0EEF518E308D}.Debug|x86.ActiveCfg = Debug|Any CPU
		{2DC16F5E-17B9-480D-A9E6-0EEF518E308D}.Debug|x86.Build.0 = Debug|Any CPU
		{2DC16F5E-17B9-480D-A9E6-0EEF518E308D}.Release|Any CPU.ActiveCfg = Release|Any CPU
		{2DC16F5E-17B9-480D-A9E6-0EEF518E308D}.Release|Any CPU.Build.0 = Release|Any CPU
		{2DC16F5E-17B9-480D-A9E6-0EEF518E308D}.Release|x64.ActiveCfg = Release|Any CPU
		{2DC16F5E-17B9-480D-A9E6-0EEF518E308D}.Release|x64.Build.0 = Release|Any CPU
		{2DC16F5E-17B9-480D-A9E6-0EEF518E308D}.Release|x86.ActiveCfg = Release|Any CPU
		{2DC16F5E-17B9-480D-A9E6-0EEF518E308D}.Release|x86.Build.0 = Release|Any CPU
		{A5EB311E-2AD0-4537-9692-41500316218C}.Debug|Any CPU.ActiveCfg = Debug|Any CPU
		{A5EB311E-2AD0-4537-9692-41500316218C}.Debug|Any CPU.Build.0 = Debug|Any CPU
		{A5EB311E-2AD0-4537-9692-41500316218C}.Debug|x64.ActiveCfg = Debug|Any CPU
		{A5EB311E-2AD0-4537-9692-41500316218C}.Debug|x64.Build.0 = Debug|Any CPU
		{A5EB311E-2AD0-4537-9692-41500316218C}.Debug|x86.ActiveCfg = Debug|Any CPU
		{A5EB311E-2AD0-4537-9692-41500316218C}.Debug|x86.Build.0 = Debug|Any CPU
		{A5EB311E-2AD0-4537-9692-41500316218C}.Release|Any CPU.ActiveCfg = Release|Any CPU
		{A5EB311E-2AD0-4537-9692-41500316218C}.Release|Any CPU.Build.0 = Release|Any CPU
		{A5EB311E-2AD0-4537-9692-41500316218C}.Release|x64.ActiveCfg = Release|Any CPU
		{A5EB311E-2AD0-4537-9692-41500316218C}.Release|x64.Build.0 = Release|Any CPU
		{A5EB311E-2AD0-4537-9692-41500316218C}.Release|x86.ActiveCfg = Release|Any CPU
		{A5EB311E-2AD0-4537-9692-41500316218C}.Release|x86.Build.0 = Release|Any CPU
		{AF30A75A-18B4-44AE-9DE9-37D940B163DA}.Debug|Any CPU.ActiveCfg = Debug|Any CPU
		{AF30A75A-18B4-44AE-9DE9-37D940B163DA}.Debug|Any CPU.Build.0 = Debug|Any CPU
		{AF30A75A-18B4-44AE-9DE9-37D940B163DA}.Debug|x64.ActiveCfg = Debug|Any CPU
		{AF30A75A-18B4-44AE-9DE9-37D940B163DA}.Debug|x64.Build.0 = Debug|Any CPU
		{AF30A75A-18B4-44AE-9DE9-37D940B163DA}.Debug|x86.ActiveCfg = Debug|Any CPU
		{AF30A75A-18B4-44AE-9DE9-37D940B163DA}.Debug|x86.Build.0 = Debug|Any CPU
		{AF30A75A-18B4-44AE-9DE9-37D940B163DA}.Release|Any CPU.ActiveCfg = Release|Any CPU
		{AF30A75A-18B4-44AE-9DE9-37D940B163DA}.Release|Any CPU.Build.0 = Release|Any CPU
		{AF30A75A-18B4-44AE-9DE9-37D940B163DA}.Release|x64.ActiveCfg = Release|Any CPU
		{AF30A75A-18B4-44AE-9DE9-37D940B163DA}.Release|x64.Build.0 = Release|Any CPU
		{AF30A75A-18B4-44AE-9DE9-37D940B163DA}.Release|x86.ActiveCfg = Release|Any CPU
		{AF30A75A-18B4-44AE-9DE9-37D940B163DA}.Release|x86.Build.0 = Release|Any CPU
		{A617D122-7C82-4250-B5B8-A540B5E5A62D}.Debug|Any CPU.ActiveCfg = Debug|Any CPU
		{A617D122-7C82-4250-B5B8-A540B5E5A62D}.Debug|Any CPU.Build.0 = Debug|Any CPU
		{A617D122-7C82-4250-B5B8-A540B5E5A62D}.Debug|x64.ActiveCfg = Debug|Any CPU
		{A617D122-7C82-4250-B5B8-A540B5E5A62D}.Debug|x64.Build.0 = Debug|Any CPU
		{A617D122-7C82-4250-B5B8-A540B5E5A62D}.Debug|x86.ActiveCfg = Debug|Any CPU
		{A617D122-7C82-4250-B5B8-A540B5E5A62D}.Debug|x86.Build.0 = Debug|Any CPU
		{A617D122-7C82-4250-B5B8-A540B5E5A62D}.Release|Any CPU.ActiveCfg = Release|Any CPU
		{A617D122-7C82-4250-B5B8-A540B5E5A62D}.Release|Any CPU.Build.0 = Release|Any CPU
		{A617D122-7C82-4250-B5B8-A540B5E5A62D}.Release|x64.ActiveCfg = Release|Any CPU
		{A617D122-7C82-4250-B5B8-A540B5E5A62D}.Release|x64.Build.0 = Release|Any CPU
		{A617D122-7C82-4250-B5B8-A540B5E5A62D}.Release|x86.ActiveCfg = Release|Any CPU
		{A617D122-7C82-4250-B5B8-A540B5E5A62D}.Release|x86.Build.0 = Release|Any CPU
		{CA4FAF9F-E762-4AA8-B833-AB6DC4DE3D2B}.Debug|Any CPU.ActiveCfg = Debug|Any CPU
		{CA4FAF9F-E762-4AA8-B833-AB6DC4DE3D2B}.Debug|Any CPU.Build.0 = Debug|Any CPU
		{CA4FAF9F-E762-4AA8-B833-AB6DC4DE3D2B}.Debug|x64.ActiveCfg = Debug|Any CPU
		{CA4FAF9F-E762-4AA8-B833-AB6DC4DE3D2B}.Debug|x64.Build.0 = Debug|Any CPU
		{CA4FAF9F-E762-4AA8-B833-AB6DC4DE3D2B}.Debug|x86.ActiveCfg = Debug|Any CPU
		{CA4FAF9F-E762-4AA8-B833-AB6DC4DE3D2B}.Debug|x86.Build.0 = Debug|Any CPU
		{CA4FAF9F-E762-4AA8-B833-AB6DC4DE3D2B}.Release|Any CPU.ActiveCfg = Release|Any CPU
		{CA4FAF9F-E762-4AA8-B833-AB6DC4DE3D2B}.Release|Any CPU.Build.0 = Release|Any CPU
		{CA4FAF9F-E762-4AA8-B833-AB6DC4DE3D2B}.Release|x64.ActiveCfg = Release|Any CPU
		{CA4FAF9F-E762-4AA8-B833-AB6DC4DE3D2B}.Release|x64.Build.0 = Release|Any CPU
		{CA4FAF9F-E762-4AA8-B833-AB6DC4DE3D2B}.Release|x86.ActiveCfg = Release|Any CPU
		{CA4FAF9F-E762-4AA8-B833-AB6DC4DE3D2B}.Release|x86.Build.0 = Release|Any CPU
		{DA4DE4BB-3D16-4988-AA07-59E2B67A5654}.Debug|Any CPU.ActiveCfg = Debug|Any CPU
		{DA4DE4BB-3D16-4988-AA07-59E2B67A5654}.Debug|Any CPU.Build.0 = Debug|Any CPU
		{DA4DE4BB-3D16-4988-AA07-59E2B67A5654}.Debug|x64.ActiveCfg = Debug|Any CPU
		{DA4DE4BB-3D16-4988-AA07-59E2B67A5654}.Debug|x64.Build.0 = Debug|Any CPU
		{DA4DE4BB-3D16-4988-AA07-59E2B67A5654}.Debug|x86.ActiveCfg = Debug|Any CPU
		{DA4DE4BB-3D16-4988-AA07-59E2B67A5654}.Debug|x86.Build.0 = Debug|Any CPU
		{DA4DE4BB-3D16-4988-AA07-59E2B67A5654}.Release|Any CPU.ActiveCfg = Release|Any CPU
		{DA4DE4BB-3D16-4988-AA07-59E2B67A5654}.Release|Any CPU.Build.0 = Release|Any CPU
		{DA4DE4BB-3D16-4988-AA07-59E2B67A5654}.Release|x64.ActiveCfg = Release|Any CPU
		{DA4DE4BB-3D16-4988-AA07-59E2B67A5654}.Release|x64.Build.0 = Release|Any CPU
		{DA4DE4BB-3D16-4988-AA07-59E2B67A5654}.Release|x86.ActiveCfg = Release|Any CPU
		{DA4DE4BB-3D16-4988-AA07-59E2B67A5654}.Release|x86.Build.0 = Release|Any CPU
		{75C72258-070F-493F-97DB-C5424CB74D77}.Debug|Any CPU.ActiveCfg = Debug|Any CPU
		{75C72258-070F-493F-97DB-C5424CB74D77}.Debug|Any CPU.Build.0 = Debug|Any CPU
		{75C72258-070F-493F-97DB-C5424CB74D77}.Debug|x64.ActiveCfg = Debug|Any CPU
		{75C72258-070F-493F-97DB-C5424CB74D77}.Debug|x64.Build.0 = Debug|Any CPU
		{75C72258-070F-493F-97DB-C5424CB74D77}.Debug|x86.ActiveCfg = Debug|Any CPU
		{75C72258-070F-493F-97DB-C5424CB74D77}.Debug|x86.Build.0 = Debug|Any CPU
		{75C72258-070F-493F-97DB-C5424CB74D77}.Release|Any CPU.ActiveCfg = Release|Any CPU
		{75C72258-070F-493F-97DB-C5424CB74D77}.Release|Any CPU.Build.0 = Release|Any CPU
		{75C72258-070F-493F-97DB-C5424CB74D77}.Release|x64.ActiveCfg = Release|Any CPU
		{75C72258-070F-493F-97DB-C5424CB74D77}.Release|x64.Build.0 = Release|Any CPU
		{75C72258-070F-493F-97DB-C5424CB74D77}.Release|x86.ActiveCfg = Release|Any CPU
		{75C72258-070F-493F-97DB-C5424CB74D77}.Release|x86.Build.0 = Release|Any CPU
	EndGlobalSection
	GlobalSection(NestedProjects) = preSolution
		{961686DD-3727-4610-9C82-BAA4C66E72F7} = {F34DA52C-9A89-4F9F-86C4-0393C65BD910}
		{CDB9D976-8804-4001-BF42-B30AA831D6B8} = {961686DD-3727-4610-9C82-BAA4C66E72F7}
		{A4839F46-FDE2-4147-B6AF-1E1B0412155E} = {F34DA52C-9A89-4F9F-86C4-0393C65BD910}
		{D75BF705-ED9E-4774-B10F-7B09B9F128F6} = {A4839F46-FDE2-4147-B6AF-1E1B0412155E}
		{21034611-77B3-42CA-88C2-BA5AA97A7A28} = {D75BF705-ED9E-4774-B10F-7B09B9F128F6}
		{9FD53182-3F26-47F0-A8EB-5AE4717FF016} = {D75BF705-ED9E-4774-B10F-7B09B9F128F6}
		{CDDECADB-05E4-4EC7-A853-381EED2A9F33} = {961686DD-3727-4610-9C82-BAA4C66E72F7}
		{1241DC2C-834D-44CE-A7DF-37CAE3B1F18C} = {D75BF705-ED9E-4774-B10F-7B09B9F128F6}
		{5BC5719A-C21A-4F0C-A9CB-55B44BE19592} = {961686DD-3727-4610-9C82-BAA4C66E72F7}
		{04D414E3-D7A2-4EBA-BCF6-7602D6F69A66} = {F34DA52C-9A89-4F9F-86C4-0393C65BD910}
		{77DCB812-C8FC-4C64-8917-A0FBF17A1E90} = {A4839F46-FDE2-4147-B6AF-1E1B0412155E}
		{F787FD6E-BB1A-46A5-A2AA-D8B4D915BC6A} = {77DCB812-C8FC-4C64-8917-A0FBF17A1E90}
		{2DC16F5E-17B9-480D-A9E6-0EEF518E308D} = {77DCB812-C8FC-4C64-8917-A0FBF17A1E90}
		{A5EB311E-2AD0-4537-9692-41500316218C} = {77DCB812-C8FC-4C64-8917-A0FBF17A1E90}
		{E1F605A4-9864-4DFE-8FB7-07D35D3FDF51} = {A4839F46-FDE2-4147-B6AF-1E1B0412155E}
		{AF30A75A-18B4-44AE-9DE9-37D940B163DA} = {E1F605A4-9864-4DFE-8FB7-07D35D3FDF51}
		{A617D122-7C82-4250-B5B8-A540B5E5A62D} = {E1F605A4-9864-4DFE-8FB7-07D35D3FDF51}
		{CA4FAF9F-E762-4AA8-B833-AB6DC4DE3D2B} = {E1F605A4-9864-4DFE-8FB7-07D35D3FDF51}
		{DA4DE4BB-3D16-4988-AA07-59E2B67A5654} = {9B1AAF8D-7597-4186-BF92-2C3BF9E7F242}
		{75C72258-070F-493F-97DB-C5424CB74D77} = {9B1AAF8D-7597-4186-BF92-2C3BF9E7F242}
	EndGlobalSection
EndGlobal
